// !$*UTF8*$!
{
	archiveVersion = 1;
	classes = {
	};
	objectVersion = 48;
	objects = {

/* Begin PBXBuildFile section */
		24266D971FACDC7D00774E26 /* BubbleTextNode.swift in Sources */ = {isa = PBXBuildFile; fileRef = 24266D961FACDC7D00774E26 /* BubbleTextNode.swift */; };
		24266D991FAD3B7100774E26 /* ViewController.swift in Sources */ = {isa = PBXBuildFile; fileRef = 24266D981FAD3B7100774E26 /* ViewController.swift */; };
		24266D9B1FAD3DB300774E26 /* FloatExtension.swift in Sources */ = {isa = PBXBuildFile; fileRef = 24266D9A1FAD3DB300774E26 /* FloatExtension.swift */; };
		24266D9D1FAD427200774E26 /* SCNVector3Extension.swift in Sources */ = {isa = PBXBuildFile; fileRef = 24266D9C1FAD427200774E26 /* SCNVector3Extension.swift */; };
		24266D9F1FAD435400774E26 /* UIFontExtension.swift in Sources */ = {isa = PBXBuildFile; fileRef = 24266D9E1FAD435400774E26 /* UIFontExtension.swift */; };
		24266DA11FAD452900774E26 /* UIColorExtension.swift in Sources */ = {isa = PBXBuildFile; fileRef = 24266DA01FAD452900774E26 /* UIColorExtension.swift */; };
		24266DA71FAD507F00774E26 /* Constant.swift in Sources */ = {isa = PBXBuildFile; fileRef = 24266DA61FAD507F00774E26 /* Constant.swift */; };
		24266DAD1FAD589D00774E26 /* VisualRecognitionV3.framework in Frameworks */ = {isa = PBXBuildFile; fileRef = 24266DA81FAD544400774E26 /* VisualRecognitionV3.framework */; };
		24DDFCCD1FACCC5B004DF2E8 /* AppDelegate.swift in Sources */ = {isa = PBXBuildFile; fileRef = 24DDFCCC1FACCC5B004DF2E8 /* AppDelegate.swift */; };
		24DDFCD41FACCC5B004DF2E8 /* Main.storyboard in Resources */ = {isa = PBXBuildFile; fileRef = 24DDFCD21FACCC5B004DF2E8 /* Main.storyboard */; };
		24DDFCD61FACCC5B004DF2E8 /* Assets.xcassets in Resources */ = {isa = PBXBuildFile; fileRef = 24DDFCD51FACCC5B004DF2E8 /* Assets.xcassets */; };
		24DDFCD91FACCC5B004DF2E8 /* LaunchScreen.storyboard in Resources */ = {isa = PBXBuildFile; fileRef = 24DDFCD71FACCC5B004DF2E8 /* LaunchScreen.storyboard */; };
		24DDFCE11FACCCB5004DF2E8 /* Inceptionv3.mlmodel in Sources */ = {isa = PBXBuildFile; fileRef = 24DDFCE01FACCCB5004DF2E8 /* Inceptionv3.mlmodel */; };
		75B3E9661FACF11700E30DBE /* LaunchViewController.swift in Sources */ = {isa = PBXBuildFile; fileRef = 75B3E9651FACF11700E30DBE /* LaunchViewController.swift */; };
		75B3E9681FAD3B0000E30DBE /* DataItemsView.swift in Sources */ = {isa = PBXBuildFile; fileRef = 75B3E9671FAD3B0000E30DBE /* DataItemsView.swift */; };
		75B3E96B1FAD40B800E30DBE /* camera.json in Resources */ = {isa = PBXBuildFile; fileRef = 75B3E96A1FAD40B800E30DBE /* camera.json */; };
		75B3E9711FAD4F8E00E30DBE /* DataItemCollectionViewCell.swift in Sources */ = {isa = PBXBuildFile; fileRef = 75B3E96F1FAD4F8E00E30DBE /* DataItemCollectionViewCell.swift */; };
		75B3E9721FAD4F8E00E30DBE /* DataItemCollectionViewCell.xib in Resources */ = {isa = PBXBuildFile; fileRef = 75B3E9701FAD4F8E00E30DBE /* DataItemCollectionViewCell.xib */; };
		75B3E9761FAD767D00E30DBE /* ViewControllerHelper.swift in Sources */ = {isa = PBXBuildFile; fileRef = 75B3E9751FAD767D00E30DBE /* ViewControllerHelper.swift */; };
		D259A91434870E7C30D6729A /* Pods_PediAR.framework in Frameworks */ = {isa = PBXBuildFile; fileRef = 943759198A75198AB5F60F0E /* Pods_PediAR.framework */; };
/* End PBXBuildFile section */

/* Begin PBXFileReference section */
		24266D961FACDC7D00774E26 /* BubbleTextNode.swift */ = {isa = PBXFileReference; lastKnownFileType = sourcecode.swift; path = BubbleTextNode.swift; sourceTree = "<group>"; };
		24266D981FAD3B7100774E26 /* ViewController.swift */ = {isa = PBXFileReference; lastKnownFileType = sourcecode.swift; path = ViewController.swift; sourceTree = "<group>"; };
		24266D9A1FAD3DB300774E26 /* FloatExtension.swift */ = {isa = PBXFileReference; lastKnownFileType = sourcecode.swift; path = FloatExtension.swift; sourceTree = "<group>"; };
		24266D9C1FAD427200774E26 /* SCNVector3Extension.swift */ = {isa = PBXFileReference; lastKnownFileType = sourcecode.swift; path = SCNVector3Extension.swift; sourceTree = "<group>"; };
		24266D9E1FAD435400774E26 /* UIFontExtension.swift */ = {isa = PBXFileReference; lastKnownFileType = sourcecode.swift; path = UIFontExtension.swift; sourceTree = "<group>"; };
		24266DA01FAD452900774E26 /* UIColorExtension.swift */ = {isa = PBXFileReference; lastKnownFileType = sourcecode.swift; path = UIColorExtension.swift; sourceTree = "<group>"; };
		24266DA61FAD507F00774E26 /* Constant.swift */ = {isa = PBXFileReference; lastKnownFileType = sourcecode.swift; path = Constant.swift; sourceTree = "<group>"; };
		24266DA81FAD544400774E26 /* VisualRecognitionV3.framework */ = {isa = PBXFileReference; lastKnownFileType = wrapper.framework; name = VisualRecognitionV3.framework; path = Carthage/Build/iOS/VisualRecognitionV3.framework; sourceTree = "<group>"; };
		24DDFCC91FACCC5B004DF2E8 /* PediAR.app */ = {isa = PBXFileReference; explicitFileType = wrapper.application; includeInIndex = 0; path = PediAR.app; sourceTree = BUILT_PRODUCTS_DIR; };
		24DDFCCC1FACCC5B004DF2E8 /* AppDelegate.swift */ = {isa = PBXFileReference; lastKnownFileType = sourcecode.swift; path = AppDelegate.swift; sourceTree = "<group>"; };
		24DDFCD31FACCC5B004DF2E8 /* Base */ = {isa = PBXFileReference; lastKnownFileType = file.storyboard; name = Base; path = Base.lproj/Main.storyboard; sourceTree = "<group>"; };
		24DDFCD51FACCC5B004DF2E8 /* Assets.xcassets */ = {isa = PBXFileReference; lastKnownFileType = folder.assetcatalog; path = Assets.xcassets; sourceTree = "<group>"; };
		24DDFCD81FACCC5B004DF2E8 /* Base */ = {isa = PBXFileReference; lastKnownFileType = file.storyboard; name = Base; path = Base.lproj/LaunchScreen.storyboard; sourceTree = "<group>"; };
		24DDFCDA1FACCC5B004DF2E8 /* Info.plist */ = {isa = PBXFileReference; lastKnownFileType = text.plist.xml; path = Info.plist; sourceTree = "<group>"; };
		24DDFCE01FACCCB5004DF2E8 /* Inceptionv3.mlmodel */ = {isa = PBXFileReference; lastKnownFileType = file.mlmodel; path = Inceptionv3.mlmodel; sourceTree = SOURCE_ROOT; };
		75B3E9651FACF11700E30DBE /* LaunchViewController.swift */ = {isa = PBXFileReference; lastKnownFileType = sourcecode.swift; path = LaunchViewController.swift; sourceTree = "<group>"; };
		75B3E9671FAD3B0000E30DBE /* DataItemsView.swift */ = {isa = PBXFileReference; lastKnownFileType = sourcecode.swift; path = DataItemsView.swift; sourceTree = "<group>"; };
		75B3E96A1FAD40B800E30DBE /* camera.json */ = {isa = PBXFileReference; fileEncoding = 4; lastKnownFileType = text.json; path = camera.json; sourceTree = "<group>"; };
		75B3E96F1FAD4F8E00E30DBE /* DataItemCollectionViewCell.swift */ = {isa = PBXFileReference; lastKnownFileType = sourcecode.swift; path = DataItemCollectionViewCell.swift; sourceTree = "<group>"; };
		75B3E9701FAD4F8E00E30DBE /* DataItemCollectionViewCell.xib */ = {isa = PBXFileReference; lastKnownFileType = file.xib; path = DataItemCollectionViewCell.xib; sourceTree = "<group>"; };
		75B3E9751FAD767D00E30DBE /* ViewControllerHelper.swift */ = {isa = PBXFileReference; lastKnownFileType = sourcecode.swift; path = ViewControllerHelper.swift; sourceTree = "<group>"; };
		943759198A75198AB5F60F0E /* Pods_PediAR.framework */ = {isa = PBXFileReference; explicitFileType = wrapper.framework; includeInIndex = 0; path = Pods_PediAR.framework; sourceTree = BUILT_PRODUCTS_DIR; };
		A8DF234C2706D9E504B574C9 /* Pods-PediAR.debug.xcconfig */ = {isa = PBXFileReference; includeInIndex = 1; lastKnownFileType = text.xcconfig; name = "Pods-PediAR.debug.xcconfig"; path = "Pods/Target Support Files/Pods-PediAR/Pods-PediAR.debug.xcconfig"; sourceTree = "<group>"; };
		EE674ED64337DC24A639D355 /* Pods-PediAR.release.xcconfig */ = {isa = PBXFileReference; includeInIndex = 1; lastKnownFileType = text.xcconfig; name = "Pods-PediAR.release.xcconfig"; path = "Pods/Target Support Files/Pods-PediAR/Pods-PediAR.release.xcconfig"; sourceTree = "<group>"; };
/* End PBXFileReference section */

/* Begin PBXFrameworksBuildPhase section */
		24DDFCC61FACCC5B004DF2E8 /* Frameworks */ = {
			isa = PBXFrameworksBuildPhase;
			buildActionMask = 2147483647;
			files = (
				24266DAD1FAD589D00774E26 /* VisualRecognitionV3.framework in Frameworks */,
				D259A91434870E7C30D6729A /* Pods_PediAR.framework in Frameworks */,
			);
			runOnlyForDeploymentPostprocessing = 0;
		};
/* End PBXFrameworksBuildPhase section */

/* Begin PBXGroup section */
		24DDFCC01FACCC5B004DF2E8 = {
			isa = PBXGroup;
			children = (
				24DDFCCB1FACCC5B004DF2E8 /* PediAR */,
				24DDFCCA1FACCC5B004DF2E8 /* Products */,
				4B772208AD624BFFB63DFEFB /* Pods */,
				37DF24D07E464C7753568A37 /* Frameworks */,
			);
			sourceTree = "<group>";
		};
		24DDFCCA1FACCC5B004DF2E8 /* Products */ = {
			isa = PBXGroup;
			children = (
				24DDFCC91FACCC5B004DF2E8 /* PediAR.app */,
			);
			name = Products;
			sourceTree = "<group>";
		};
		24DDFCCB1FACCC5B004DF2E8 /* PediAR */ = {
			isa = PBXGroup;
			children = (
				75B3E96E1FAD4F1800E30DBE /* DataItems */,
				24DDFCCC1FACCC5B004DF2E8 /* AppDelegate.swift */,
				24266D981FAD3B7100774E26 /* ViewController.swift */,
				75B3E9751FAD767D00E30DBE /* ViewControllerHelper.swift */,
				24266D961FACDC7D00774E26 /* BubbleTextNode.swift */,
				75B3E9651FACF11700E30DBE /* LaunchViewController.swift */,
				24DDFCD21FACCC5B004DF2E8 /* Main.storyboard */,
				24DDFCD51FACCC5B004DF2E8 /* Assets.xcassets */,
				24DDFCD71FACCC5B004DF2E8 /* LaunchScreen.storyboard */,
				24DDFCDA1FACCC5B004DF2E8 /* Info.plist */,
				24DDFCE01FACCCB5004DF2E8 /* Inceptionv3.mlmodel */,
				24266D9A1FAD3DB300774E26 /* FloatExtension.swift */,
				24266D9C1FAD427200774E26 /* SCNVector3Extension.swift */,
				24266D9E1FAD435400774E26 /* UIFontExtension.swift */,
				24266DA01FAD452900774E26 /* UIColorExtension.swift */,
				24266DA61FAD507F00774E26 /* Constant.swift */,
				75B3E9691FAD409000E30DBE /* Lottie-json */,
			);
			path = PediAR;
			sourceTree = "<group>";
		};
		37DF24D07E464C7753568A37 /* Frameworks */ = {
			isa = PBXGroup;
			children = (
				24266DA81FAD544400774E26 /* VisualRecognitionV3.framework */,
				943759198A75198AB5F60F0E /* Pods_PediAR.framework */,
			);
			name = Frameworks;
			sourceTree = "<group>";
		};
		4B772208AD624BFFB63DFEFB /* Pods */ = {
			isa = PBXGroup;
			children = (
				A8DF234C2706D9E504B574C9 /* Pods-PediAR.debug.xcconfig */,
				EE674ED64337DC24A639D355 /* Pods-PediAR.release.xcconfig */,
			);
			name = Pods;
			sourceTree = "<group>";
		};
		75B3E9691FAD409000E30DBE /* Lottie-json */ = {
			isa = PBXGroup;
			children = (
				75B3E96A1FAD40B800E30DBE /* camera.json */,
			);
			path = "Lottie-json";
			sourceTree = "<group>";
		};
		75B3E96E1FAD4F1800E30DBE /* DataItems */ = {
			isa = PBXGroup;
			children = (
				75B3E9671FAD3B0000E30DBE /* DataItemsView.swift */,
				75B3E96F1FAD4F8E00E30DBE /* DataItemCollectionViewCell.swift */,
				75B3E9701FAD4F8E00E30DBE /* DataItemCollectionViewCell.xib */,
			);
			path = DataItems;
			sourceTree = "<group>";
		};
/* End PBXGroup section */

/* Begin PBXNativeTarget section */
		24DDFCC81FACCC5B004DF2E8 /* PediAR */ = {
			isa = PBXNativeTarget;
			buildConfigurationList = 24DDFCDD1FACCC5B004DF2E8 /* Build configuration list for PBXNativeTarget "PediAR" */;
			buildPhases = (
				FCCED59BBF5509988AEDD76A /* [CP] Check Pods Manifest.lock */,
				24DDFCC51FACCC5B004DF2E8 /* Sources */,
				24DDFCC61FACCC5B004DF2E8 /* Frameworks */,
				24DDFCC71FACCC5B004DF2E8 /* Resources */,
				278C1930B040C1D3B941DB05 /* [CP] Embed Pods Frameworks */,
				A642BE2EBACA39C8BC280979 /* [CP] Copy Pods Resources */,
				24266DAE1FAD58B100774E26 /* Run Script */,
			);
			buildRules = (
			);
			dependencies = (
			);
			name = PediAR;
			productName = PediAR;
			productReference = 24DDFCC91FACCC5B004DF2E8 /* PediAR.app */;
			productType = "com.apple.product-type.application";
		};
/* End PBXNativeTarget section */

/* Begin PBXProject section */
		24DDFCC11FACCC5B004DF2E8 /* Project object */ = {
			isa = PBXProject;
			attributes = {
				LastSwiftUpdateCheck = 0910;
				LastUpgradeCheck = 0910;
				ORGANIZATIONNAME = "宋 奎熹";
				TargetAttributes = {
					24DDFCC81FACCC5B004DF2E8 = {
						CreatedOnToolsVersion = 9.1;
						ProvisioningStyle = Automatic;
					};
				};
			};
			buildConfigurationList = 24DDFCC41FACCC5B004DF2E8 /* Build configuration list for PBXProject "PediAR" */;
			compatibilityVersion = "Xcode 8.0";
			developmentRegion = en;
			hasScannedForEncodings = 0;
			knownRegions = (
				en,
				Base,
			);
			mainGroup = 24DDFCC01FACCC5B004DF2E8;
			productRefGroup = 24DDFCCA1FACCC5B004DF2E8 /* Products */;
			projectDirPath = "";
			projectRoot = "";
			targets = (
				24DDFCC81FACCC5B004DF2E8 /* PediAR */,
			);
		};
/* End PBXProject section */

/* Begin PBXResourcesBuildPhase section */
		24DDFCC71FACCC5B004DF2E8 /* Resources */ = {
			isa = PBXResourcesBuildPhase;
			buildActionMask = 2147483647;
			files = (
				75B3E96B1FAD40B800E30DBE /* camera.json in Resources */,
				75B3E9721FAD4F8E00E30DBE /* DataItemCollectionViewCell.xib in Resources */,
				24DDFCD91FACCC5B004DF2E8 /* LaunchScreen.storyboard in Resources */,
				24DDFCD61FACCC5B004DF2E8 /* Assets.xcassets in Resources */,
				24DDFCD41FACCC5B004DF2E8 /* Main.storyboard in Resources */,
			);
			runOnlyForDeploymentPostprocessing = 0;
		};
/* End PBXResourcesBuildPhase section */

/* Begin PBXShellScriptBuildPhase section */
		24266DAE1FAD58B100774E26 /* Run Script */ = {
			isa = PBXShellScriptBuildPhase;
			buildActionMask = 2147483647;
			files = (
			);
			inputPaths = (
				"$(SRCROOT)/Carthage/Build/iOS/VisualRecognitionV3.framework",
			);
			name = "Run Script";
			outputPaths = (
				"$(BUILT_PRODUCTS_DIR)/$(FRAMEWORKS_FOLDER_PATH)/VisualRecognitionV3.framework",
			);
			runOnlyForDeploymentPostprocessing = 0;
			shellPath = /bin/sh;
			shellScript = "/usr/local/bin/carthage copy-frameworks";
		};
		278C1930B040C1D3B941DB05 /* [CP] Embed Pods Frameworks */ = {
			isa = PBXShellScriptBuildPhase;
			buildActionMask = 2147483647;
			files = (
			);
			inputPaths = (
				"${SRCROOT}/Pods/Target Support Files/Pods-PediAR/Pods-PediAR-frameworks.sh",
				"${BUILT_PRODUCTS_DIR}/Kingfisher/Kingfisher.framework",
				"${BUILT_PRODUCTS_DIR}/SnapKit/SnapKit.framework",
				"${BUILT_PRODUCTS_DIR}/lottie-ios/Lottie.framework",
			);
			name = "[CP] Embed Pods Frameworks";
			outputPaths = (
				"${TARGET_BUILD_DIR}/${FRAMEWORKS_FOLDER_PATH}/Kingfisher.framework",
				"${TARGET_BUILD_DIR}/${FRAMEWORKS_FOLDER_PATH}/SnapKit.framework",
				"${TARGET_BUILD_DIR}/${FRAMEWORKS_FOLDER_PATH}/Lottie.framework",
			);
			runOnlyForDeploymentPostprocessing = 0;
			shellPath = /bin/sh;
			shellScript = "\"${SRCROOT}/Pods/Target Support Files/Pods-PediAR/Pods-PediAR-frameworks.sh\"\n";
			showEnvVarsInLog = 0;
		};
		A642BE2EBACA39C8BC280979 /* [CP] Copy Pods Resources */ = {
			isa = PBXShellScriptBuildPhase;
			buildActionMask = 2147483647;
			files = (
			);
			inputPaths = (
			);
			name = "[CP] Copy Pods Resources";
			outputPaths = (
			);
			runOnlyForDeploymentPostprocessing = 0;
			shellPath = /bin/sh;
			shellScript = "\"${SRCROOT}/Pods/Target Support Files/Pods-PediAR/Pods-PediAR-resources.sh\"\n";
			showEnvVarsInLog = 0;
		};
		FCCED59BBF5509988AEDD76A /* [CP] Check Pods Manifest.lock */ = {
			isa = PBXShellScriptBuildPhase;
			buildActionMask = 2147483647;
			files = (
			);
			inputPaths = (
				"${PODS_PODFILE_DIR_PATH}/Podfile.lock",
				"${PODS_ROOT}/Manifest.lock",
			);
			name = "[CP] Check Pods Manifest.lock";
			outputPaths = (
				"$(DERIVED_FILE_DIR)/Pods-PediAR-checkManifestLockResult.txt",
			);
			runOnlyForDeploymentPostprocessing = 0;
			shellPath = /bin/sh;
			shellScript = "diff \"${PODS_PODFILE_DIR_PATH}/Podfile.lock\" \"${PODS_ROOT}/Manifest.lock\" > /dev/null\nif [ $? != 0 ] ; then\n    # print error to STDERR\n    echo \"error: The sandbox is not in sync with the Podfile.lock. Run 'pod install' or update your CocoaPods installation.\" >&2\n    exit 1\nfi\n# This output is used by Xcode 'outputs' to avoid re-running this script phase.\necho \"SUCCESS\" > \"${SCRIPT_OUTPUT_FILE_0}\"\n";
			showEnvVarsInLog = 0;
		};
/* End PBXShellScriptBuildPhase section */

/* Begin PBXSourcesBuildPhase section */
		24DDFCC51FACCC5B004DF2E8 /* Sources */ = {
			isa = PBXSourcesBuildPhase;
			buildActionMask = 2147483647;
			files = (
				75B3E9711FAD4F8E00E30DBE /* DataItemCollectionViewCell.swift in Sources */,
				24266D991FAD3B7100774E26 /* ViewController.swift in Sources */,
				24DDFCE11FACCCB5004DF2E8 /* Inceptionv3.mlmodel in Sources */,
				24266D9F1FAD435400774E26 /* UIFontExtension.swift in Sources */,
				24266D9B1FAD3DB300774E26 /* FloatExtension.swift in Sources */,
				24266D971FACDC7D00774E26 /* BubbleTextNode.swift in Sources */,
				24266DA11FAD452900774E26 /* UIColorExtension.swift in Sources */,
				24266D9D1FAD427200774E26 /* SCNVector3Extension.swift in Sources */,
				24266DA71FAD507F00774E26 /* Constant.swift in Sources */,
				24DDFCCD1FACCC5B004DF2E8 /* AppDelegate.swift in Sources */,
				75B3E9761FAD767D00E30DBE /* ViewControllerHelper.swift in Sources */,
				75B3E9661FACF11700E30DBE /* LaunchViewController.swift in Sources */,
				75B3E9681FAD3B0000E30DBE /* DataItemsView.swift in Sources */,
			);
			runOnlyForDeploymentPostprocessing = 0;
		};
/* End PBXSourcesBuildPhase section */

/* Begin PBXVariantGroup section */
		24DDFCD21FACCC5B004DF2E8 /* Main.storyboard */ = {
			isa = PBXVariantGroup;
			children = (
				24DDFCD31FACCC5B004DF2E8 /* Base */,
			);
			name = Main.storyboard;
			sourceTree = "<group>";
		};
		24DDFCD71FACCC5B004DF2E8 /* LaunchScreen.storyboard */ = {
			isa = PBXVariantGroup;
			children = (
				24DDFCD81FACCC5B004DF2E8 /* Base */,
			);
			name = LaunchScreen.storyboard;
			sourceTree = "<group>";
		};
/* End PBXVariantGroup section */

/* Begin XCBuildConfiguration section */
		24DDFCDB1FACCC5B004DF2E8 /* Debug */ = {
			isa = XCBuildConfiguration;
			buildSettings = {
				ALWAYS_SEARCH_USER_PATHS = NO;
				CLANG_ANALYZER_NONNULL = YES;
				CLANG_ANALYZER_NUMBER_OBJECT_CONVERSION = YES_AGGRESSIVE;
				CLANG_CXX_LANGUAGE_STANDARD = "gnu++14";
				CLANG_CXX_LIBRARY = "libc++";
				CLANG_ENABLE_MODULES = YES;
				CLANG_ENABLE_OBJC_ARC = YES;
				CLANG_WARN_BLOCK_CAPTURE_AUTORELEASING = YES;
				CLANG_WARN_BOOL_CONVERSION = YES;
				CLANG_WARN_COMMA = YES;
				CLANG_WARN_CONSTANT_CONVERSION = YES;
				CLANG_WARN_DIRECT_OBJC_ISA_USAGE = YES_ERROR;
				CLANG_WARN_DOCUMENTATION_COMMENTS = YES;
				CLANG_WARN_EMPTY_BODY = YES;
				CLANG_WARN_ENUM_CONVERSION = YES;
				CLANG_WARN_INFINITE_RECURSION = YES;
				CLANG_WARN_INT_CONVERSION = YES;
				CLANG_WARN_NON_LITERAL_NULL_CONVERSION = YES;
				CLANG_WARN_OBJC_LITERAL_CONVERSION = YES;
				CLANG_WARN_OBJC_ROOT_CLASS = YES_ERROR;
				CLANG_WARN_RANGE_LOOP_ANALYSIS = YES;
				CLANG_WARN_STRICT_PROTOTYPES = YES;
				CLANG_WARN_SUSPICIOUS_MOVE = YES;
				CLANG_WARN_UNGUARDED_AVAILABILITY = YES_AGGRESSIVE;
				CLANG_WARN_UNREACHABLE_CODE = YES;
				CLANG_WARN__DUPLICATE_METHOD_MATCH = YES;
				CODE_SIGN_IDENTITY = "iPhone Developer";
				COPY_PHASE_STRIP = NO;
				DEBUG_INFORMATION_FORMAT = dwarf;
				ENABLE_STRICT_OBJC_MSGSEND = YES;
				ENABLE_TESTABILITY = YES;
				GCC_C_LANGUAGE_STANDARD = gnu11;
				GCC_DYNAMIC_NO_PIC = NO;
				GCC_NO_COMMON_BLOCKS = YES;
				GCC_OPTIMIZATION_LEVEL = 0;
				GCC_PREPROCESSOR_DEFINITIONS = (
					"DEBUG=1",
					"$(inherited)",
				);
				GCC_WARN_64_TO_32_BIT_CONVERSION = YES;
				GCC_WARN_ABOUT_RETURN_TYPE = YES_ERROR;
				GCC_WARN_UNDECLARED_SELECTOR = YES;
				GCC_WARN_UNINITIALIZED_AUTOS = YES_AGGRESSIVE;
				GCC_WARN_UNUSED_FUNCTION = YES;
				GCC_WARN_UNUSED_VARIABLE = YES;
				IPHONEOS_DEPLOYMENT_TARGET = 11.1;
				MTL_ENABLE_DEBUG_INFO = YES;
				ONLY_ACTIVE_ARCH = YES;
				SDKROOT = iphoneos;
				SWIFT_ACTIVE_COMPILATION_CONDITIONS = DEBUG;
				SWIFT_OPTIMIZATION_LEVEL = "-Onone";
			};
			name = Debug;
		};
		24DDFCDC1FACCC5B004DF2E8 /* Release */ = {
			isa = XCBuildConfiguration;
			buildSettings = {
				ALWAYS_SEARCH_USER_PATHS = NO;
				CLANG_ANALYZER_NONNULL = YES;
				CLANG_ANALYZER_NUMBER_OBJECT_CONVERSION = YES_AGGRESSIVE;
				CLANG_CXX_LANGUAGE_STANDARD = "gnu++14";
				CLANG_CXX_LIBRARY = "libc++";
				CLANG_ENABLE_MODULES = YES;
				CLANG_ENABLE_OBJC_ARC = YES;
				CLANG_WARN_BLOCK_CAPTURE_AUTORELEASING = YES;
				CLANG_WARN_BOOL_CONVERSION = YES;
				CLANG_WARN_COMMA = YES;
				CLANG_WARN_CONSTANT_CONVERSION = YES;
				CLANG_WARN_DIRECT_OBJC_ISA_USAGE = YES_ERROR;
				CLANG_WARN_DOCUMENTATION_COMMENTS = YES;
				CLANG_WARN_EMPTY_BODY = YES;
				CLANG_WARN_ENUM_CONVERSION = YES;
				CLANG_WARN_INFINITE_RECURSION = YES;
				CLANG_WARN_INT_CONVERSION = YES;
				CLANG_WARN_NON_LITERAL_NULL_CONVERSION = YES;
				CLANG_WARN_OBJC_LITERAL_CONVERSION = YES;
				CLANG_WARN_OBJC_ROOT_CLASS = YES_ERROR;
				CLANG_WARN_RANGE_LOOP_ANALYSIS = YES;
				CLANG_WARN_STRICT_PROTOTYPES = YES;
				CLANG_WARN_SUSPICIOUS_MOVE = YES;
				CLANG_WARN_UNGUARDED_AVAILABILITY = YES_AGGRESSIVE;
				CLANG_WARN_UNREACHABLE_CODE = YES;
				CLANG_WARN__DUPLICATE_METHOD_MATCH = YES;
				CODE_SIGN_IDENTITY = "iPhone Developer";
				COPY_PHASE_STRIP = NO;
				DEBUG_INFORMATION_FORMAT = "dwarf-with-dsym";
				ENABLE_NS_ASSERTIONS = NO;
				ENABLE_STRICT_OBJC_MSGSEND = YES;
				GCC_C_LANGUAGE_STANDARD = gnu11;
				GCC_NO_COMMON_BLOCKS = YES;
				GCC_WARN_64_TO_32_BIT_CONVERSION = YES;
				GCC_WARN_ABOUT_RETURN_TYPE = YES_ERROR;
				GCC_WARN_UNDECLARED_SELECTOR = YES;
				GCC_WARN_UNINITIALIZED_AUTOS = YES_AGGRESSIVE;
				GCC_WARN_UNUSED_FUNCTION = YES;
				GCC_WARN_UNUSED_VARIABLE = YES;
				IPHONEOS_DEPLOYMENT_TARGET = 11.1;
				MTL_ENABLE_DEBUG_INFO = NO;
				SDKROOT = iphoneos;
				SWIFT_OPTIMIZATION_LEVEL = "-Owholemodule";
				VALIDATE_PRODUCT = YES;
			};
			name = Release;
		};
		24DDFCDE1FACCC5B004DF2E8 /* Debug */ = {
			isa = XCBuildConfiguration;
			baseConfigurationReference = A8DF234C2706D9E504B574C9 /* Pods-PediAR.debug.xcconfig */;
			buildSettings = {
				ASSETCATALOG_COMPILER_APPICON_NAME = AppIcon;
				CODE_SIGN_STYLE = Automatic;
				DEVELOPMENT_TEAM = DNL5G5M9A8;
				FRAMEWORK_SEARCH_PATHS = (
					"$(inherited)",
					"$(PROJECT_DIR)/Carthage/Build/iOS",
				);
				INFOPLIST_FILE = PediAR/Info.plist;
				LD_RUNPATH_SEARCH_PATHS = "$(inherited) @executable_path/Frameworks";
				PRODUCT_BUNDLE_IDENTIFIER = com.krayc.PediAR;
				PRODUCT_NAME = "$(TARGET_NAME)";
				SWIFT_VERSION = 4.0;
				TARGETED_DEVICE_FAMILY = "1,2";
			};
			name = Debug;
		};
		24DDFCDF1FACCC5B004DF2E8 /* Release */ = {
			isa = XCBuildConfiguration;
			baseConfigurationReference = EE674ED64337DC24A639D355 /* Pods-PediAR.release.xcconfig */;
			buildSettings = {
				ASSETCATALOG_COMPILER_APPICON_NAME = AppIcon;
				CODE_SIGN_STYLE = Automatic;
				DEVELOPMENT_TEAM = DNL5G5M9A8;
				FRAMEWORK_SEARCH_PATHS = (
					"$(inherited)",
					"$(PROJECT_DIR)/Carthage/Build/iOS",
				);
				INFOPLIST_FILE = PediAR/Info.plist;
				LD_RUNPATH_SEARCH_PATHS = "$(inherited) @executable_path/Frameworks";
				PRODUCT_BUNDLE_IDENTIFIER = com.krayc.PediAR;
				PRODUCT_NAME = "$(TARGET_NAME)";
				SWIFT_VERSION = 4.0;
				TARGETED_DEVICE_FAMILY = "1,2";
			};
			name = Release;
		};
/* End XCBuildConfiguration section */

/* Begin XCConfigurationList section */
		24DDFCC41FACCC5B004DF2E8 /* Build configuration list for PBXProject "PediAR" */ = {
			isa = XCConfigurationList;
			buildConfigurations = (
				24DDFCDB1FACCC5B004DF2E8 /* Debug */,
				24DDFCDC1FACCC5B004DF2E8 /* Release */,
			);
			defaultConfigurationIsVisible = 0;
			defaultConfigurationName = Release;
		};
		24DDFCDD1FACCC5B004DF2E8 /* Build configuration list for PBXNativeTarget "PediAR" */ = {
			isa = XCConfigurationList;
			buildConfigurations = (
				24DDFCDE1FACCC5B004DF2E8 /* Debug */,
				24DDFCDF1FACCC5B004DF2E8 /* Release */,
			);
			defaultConfigurationIsVisible = 0;
			defaultConfigurationName = Release;
		};
/* End XCConfigurationList section */
	};
	rootObject = 24DDFCC11FACCC5B004DF2E8 /* Project object */;
}
